
Microsoft Visual Studio Solution File, Format Version 12.00
# Visual Studio 15
VisualStudioVersion = 15.0.27428.2005
MinimumVisualStudioVersion = 10.0.40219.1
Project("{FAE04EC0-301F-11D3-BF4B-00C04F79EFBC}") = "Mmu.Was.WpfUI", "Sources\WpfUI\Mmu.Was.WpfUI.csproj", "{BD5E48B2-E583-48F6-AB3D-9811F15559D3}"
EndProject
Project("{FAE04EC0-301F-11D3-BF4B-00C04F79EFBC}") = "Mmu.Was.Domain", "Sources\Domain\Mmu.Was.Domain.csproj", "{C24504B3-16B8-4159-B7B6-6AA190787071}"
EndProject
Project("{FAE04EC0-301F-11D3-BF4B-00C04F79EFBC}") = "Mmu.Was.Application", "Sources\Application\Mmu.Was.Application.csproj", "{7C90526F-1080-4727-976A-52A962A3FDB8}"
EndProject
Project("{FAE04EC0-301F-11D3-BF4B-00C04F79EFBC}") = "Mmu.Was.DomainServices", "Sources\DomainServices\Mmu.Was.DomainServices.csproj", "{4CFA265B-8282-49C2-9688-5237C4820A50}"
EndProject
Project("{FAE04EC0-301F-11D3-BF4B-00C04F79EFBC}") = "Mmu.Was.DomainServices.Shell", "Sources\DomainServices.Shell\Mmu.Was.DomainServices.Shell.csproj", "{049DF998-A2DB-46FE-A71F-3660074B54BA}"
EndProject
Project("{FAE04EC0-301F-11D3-BF4B-00C04F79EFBC}") = "Mmu.Mlh.WordAccess", "..\MyLittleHelpers\WordAccess\Sources\Application\Mmu.Mlh.WordAccess.csproj", "{69545B00-955C-47C7-BE19-032F0A683E6C}"
EndProject
Global
	GlobalSection(SolutionConfigurationPlatforms) = preSolution
		Debug|Any CPU = Debug|Any CPU
		Release|Any CPU = Release|Any CPU
	EndGlobalSection
	GlobalSection(ProjectConfigurationPlatforms) = postSolution
		{BD5E48B2-E583-48F6-AB3D-9811F15559D3}.Debug|Any CPU.ActiveCfg = Debug|Any CPU
		{BD5E48B2-E583-48F6-AB3D-9811F15559D3}.Debug|Any CPU.Build.0 = Debug|Any CPU
		{BD5E48B2-E583-48F6-AB3D-9811F15559D3}.Release|Any CPU.ActiveCfg = Release|Any CPU
		{BD5E48B2-E583-48F6-AB3D-9811F15559D3}.Release|Any CPU.Build.0 = Release|Any CPU
		{C24504B3-16B8-4159-B7B6-6AA190787071}.Debug|Any CPU.ActiveCfg = Debug|Any CPU
		{C24504B3-16B8-4159-B7B6-6AA190787071}.Debug|Any CPU.Build.0 = Debug|Any CPU
		{C24504B3-16B8-4159-B7B6-6AA190787071}.Release|Any CPU.ActiveCfg = Release|Any CPU
		{C24504B3-16B8-4159-B7B6-6AA190787071}.Release|Any CPU.Build.0 = Release|Any CPU
		{7C90526F-1080-4727-976A-52A962A3FDB8}.Debug|Any CPU.ActiveCfg = Debug|Any CPU
		{7C90526F-1080-4727-976A-52A962A3FDB8}.Debug|Any CPU.Build.0 = Debug|Any CPU
		{7C90526F-1080-4727-976A-52A962A3FDB8}.Release|Any CPU.ActiveCfg = Release|Any CPU
		{7C90526F-1080-4727-976A-52A962A3FDB8}.Release|Any CPU.Build.0 = Release|Any CPU
		{4CFA265B-8282-49C2-9688-5237C4820A50}.Debug|Any CPU.ActiveCfg = Debug|Any CPU
		{4CFA265B-8282-49C2-9688-5237C4820A50}.Debug|Any CPU.Build.0 = Debug|Any CPU
		{4CFA265B-8282-49C2-9688-5237C4820A50}.Release|Any CPU.ActiveCfg = Release|Any CPU
		{4CFA265B-8282-49C2-9688-5237C4820A50}.Release|Any CPU.Build.0 = Release|Any CPU
		{049DF998-A2DB-46FE-A71F-3660074B54BA}.Debug|Any CPU.ActiveCfg = Debug|Any CPU
		{049DF998-A2DB-46FE-A71F-3660074B54BA}.Debug|Any CPU.Build.0 = Debug|Any CPU
		{049DF998-A2DB-46FE-A71F-3660074B54BA}.Release|Any CPU.ActiveCfg = Release|Any CPU
		{049DF998-A2DB-46FE-A71F-3660074B54BA}.Release|Any CPU.Build.0 = Release|Any CPU
		{69545B00-955C-47C7-BE19-032F0A683E6C}.Debug|Any CPU.ActiveCfg = Debug|Any CPU
		{69545B00-955C-47C7-BE19-032F0A683E6C}.Debug|Any CPU.Build.0 = Debug|Any CPU
		{69545B00-955C-47C7-BE19-032F0A683E6C}.Release|Any CPU.ActiveCfg = Release|Any CPU
		{69545B00-955C-47C7-BE19-032F0A683E6C}.Release|Any CPU.Build.0 = Release|Any CPU
	EndGlobalSection
	GlobalSection(SolutionProperties) = preSolution
		HideSolutionNode = FALSE
	EndGlobalSection
	GlobalSection(ExtensibilityGlobals) = postSolution
		SolutionGuid = {27571086-66DE-48DF-9AE5-66AB38D69E9A}
	EndGlobalSection
EndGlobal
